
Microsoft Visual Studio Solution File, Format Version 12.00
# Visual Studio 2013
VisualStudioVersion = 12.0.30501.0
MinimumVisualStudioVersion = 10.0.40219.1
Project("{FAE04EC0-301F-11D3-BF4B-00C04F79EFBC}") = "PassportTracker", "PassportTracker\PassportTracker.csproj", "{79B71BBD-F2C9-4CE4-B83E-FF400D5C5E21}"
EndProject
Project("{FAE04EC0-301F-11D3-BF4B-00C04F79EFBC}") = "PassportTracker.SharePoint", "PassportTracker.SharePoint\PassportTracker.SharePoint.csproj", "{8CF9163B-68E7-4431-9FD9-6EE53675FF00}"
EndProject
Global
	GlobalSection(TeamFoundationVersionControl) = preSolution
		SccNumberOfProjects = 3
		SccEnterpriseProvider = {4CA58AB2-18FA-4F8D-95D4-32DDF27D184C}
		SccTeamFoundationServer = http://dev-sccm:8080/tfs/sharepointapps
		SccLocalPath0 = .
		SccProjectUniqueName1 = PassportTracker.SharePoint\\PassportTracker.SharePoint.csproj
		SccProjectName1 = PassportTracker.SharePoint
		SccLocalPath1 = PassportTracker.SharePoint
		SccProjectUniqueName2 = PassportTracker\\PassportTracker.csproj
		SccProjectName2 = PassportTracker
		SccLocalPath2 = PassportTracker
	EndGlobalSection
	GlobalSection(SolutionConfigurationPlatforms) = preSolution
		Debug|Any CPU = Debug|Any CPU
		Release|Any CPU = Release|Any CPU
	EndGlobalSection
	GlobalSection(ProjectConfigurationPlatforms) = postSolution
		{79B71BBD-F2C9-4CE4-B83E-FF400D5C5E21}.Debug|Any CPU.ActiveCfg = Debug|Any CPU
		{79B71BBD-F2C9-4CE4-B83E-FF400D5C5E21}.Debug|Any CPU.Build.0 = Debug|Any CPU
		{79B71BBD-F2C9-4CE4-B83E-FF400D5C5E21}.Release|Any CPU.ActiveCfg = Release|Any CPU
		{79B71BBD-F2C9-4CE4-B83E-FF400D5C5E21}.Release|Any CPU.Build.0 = Release|Any CPU
		{8CF9163B-68E7-4431-9FD9-6EE53675FF00}.Debug|Any CPU.ActiveCfg = Debug|Any CPU
		{8CF9163B-68E7-4431-9FD9-6EE53675FF00}.Debug|Any CPU.Build.0 = Debug|Any CPU
		{8CF9163B-68E7-4431-9FD9-6EE53675FF00}.Debug|Any CPU.Deploy.0 = Debug|Any CPU
		{8CF9163B-68E7-4431-9FD9-6EE53675FF00}.Release|Any CPU.ActiveCfg = Release|Any CPU
		{8CF9163B-68E7-4431-9FD9-6EE53675FF00}.Release|Any CPU.Build.0 = Release|Any CPU
		{8CF9163B-68E7-4431-9FD9-6EE53675FF00}.Release|Any CPU.Deploy.0 = Release|Any CPU
	EndGlobalSection
	GlobalSection(SolutionProperties) = preSolution
		HideSolutionNode = FALSE
	EndGlobalSection
EndGlobal
